
Microsoft Visual Studio Solution File, Format Version 12.00
# Visual Studio Version 17
VisualStudioVersion = 17.14.36603.0 d17.14
MinimumVisualStudioVersion = 10.0.40219.1
Project("{FAE04EC0-301F-11D3-BF4B-00C04F79EFBC}") = "Contacs-ado-three-tier", "Contacs-ado-three-tier\Contacs-ado-three-tier.csproj", "{7EABCAB5-B002-466C-9825-406FC1134FA0}"
EndProject
Project("{FAE04EC0-301F-11D3-BF4B-00C04F79EFBC}") = "ContactsBusinessLayer", "ContactsBusinessLayer\ContactsBusinessLayer.csproj", "{271CA783-FFBA-4256-AB12-15FBE3C730C7}"
EndProject
Project("{FAE04EC0-301F-11D3-BF4B-00C04F79EFBC}") = "ContactsDataAccessLayer", "ContactsDataAccessLayer\ContactsDataAccessLayer.csproj", "{111B5DF4-59CB-48DB-91C0-8E4121605EC9}"
EndProject
Global
	GlobalSection(SolutionConfigurationPlatforms) = preSolution
		Debug|Any CPU = Debug|Any CPU
		Release|Any CPU = Release|Any CPU
	EndGlobalSection
	GlobalSection(ProjectConfigurationPlatforms) = postSolution
		{7EABCAB5-B002-466C-9825-406FC1134FA0}.Debug|Any CPU.ActiveCfg = Debug|Any CPU
		{7EABCAB5-B002-466C-9825-406FC1134FA0}.Debug|Any CPU.Build.0 = Debug|Any CPU
		{7EABCAB5-B002-466C-9825-406FC1134FA0}.Release|Any CPU.ActiveCfg = Release|Any CPU
		{7EABCAB5-B002-466C-9825-406FC1134FA0}.Release|Any CPU.Build.0 = Release|Any CPU
		{271CA783-FFBA-4256-AB12-15FBE3C730C7}.Debug|Any CPU.ActiveCfg = Debug|Any CPU
		{271CA783-FFBA-4256-AB12-15FBE3C730C7}.Debug|Any CPU.Build.0 = Debug|Any CPU
		{271CA783-FFBA-4256-AB12-15FBE3C730C7}.Release|Any CPU.ActiveCfg = Release|Any CPU
		{271CA783-FFBA-4256-AB12-15FBE3C730C7}.Release|Any CPU.Build.0 = Release|Any CPU
		{111B5DF4-59CB-48DB-91C0-8E4121605EC9}.Debug|Any CPU.ActiveCfg = Debug|Any CPU
		{111B5DF4-59CB-48DB-91C0-8E4121605EC9}.Debug|Any CPU.Build.0 = Debug|Any CPU
		{111B5DF4-59CB-48DB-91C0-8E4121605EC9}.Release|Any CPU.ActiveCfg = Release|Any CPU
		{111B5DF4-59CB-48DB-91C0-8E4121605EC9}.Release|Any CPU.Build.0 = Release|Any CPU
	EndGlobalSection
	GlobalSection(SolutionProperties) = preSolution
		HideSolutionNode = FALSE
	EndGlobalSection
	GlobalSection(ExtensibilityGlobals) = postSolution
		SolutionGuid = {96268787-CBA5-4F2D-B5A4-19F947B1A03C}
	EndGlobalSection
EndGlobal
